PODS:
  - SnapKit (5.0.1)
  - SSegmentControl (0.1.0):
    - SnapKit (~> 5.0.0)

DEPENDENCIES:
  - SSegmentControl (from `../`)

SPEC REPOS:
  trunk:
    - SnapKit

EXTERNAL SOURCES:
  SSegmentControl:
    :path: "../"

SPEC CHECKSUMS:
  SnapKit: 97b92857e3df3a0c71833cce143274bf6ef8e5eb
  SSegmentControl: b20e744e7e1f967516ca9f88c64320664edfd192

PODFILE CHECKSUM: 7c63c34a69eb31fae720a23386bf9751d263a667

COCOAPODS: 1.8.4
